
Microsoft Visual Studio Solution File, Format Version 12.00
# Visual Studio Version 17
VisualStudioVersion = 17.10.35013.160
MinimumVisualStudioVersion = 10.0.40219.1
Project("{FAE04EC0-301F-11D3-BF4B-00C04F79EFBC}") = "CalculadoraWPF", "CalculadoraWPF\CalculadoraWPF.csproj", "{B081859B-969B-4E8C-A53F-F8D429B3973D}"
EndProject
Global
	GlobalSection(SolutionConfigurationPlatforms) = preSolution
		Debug|Any CPU = Debug|Any CPU
		Release|Any CPU = Release|Any CPU
	EndGlobalSection
	GlobalSection(ProjectConfigurationPlatforms) = postSolution
		{B081859B-969B-4E8C-A53F-F8D429B3973D}.Debug|Any CPU.ActiveCfg = Debug|Any CPU
		{B081859B-969B-4E8C-A53F-F8D429B3973D}.Debug|Any CPU.Build.0 = Debug|Any CPU
		{B081859B-969B-4E8C-A53F-F8D429B3973D}.Release|Any CPU.ActiveCfg = Release|Any CPU
		{B081859B-969B-4E8C-A53F-F8D429B3973D}.Release|Any CPU.Build.0 = Release|Any CPU
	EndGlobalSection
	GlobalSection(SolutionProperties) = preSolution
		HideSolutionNode = FALSE
	EndGlobalSection
	GlobalSection(ExtensibilityGlobals) = postSolution
		SolutionGuid = {AD034D74-7446-4A16-9C56-E190EAFFCB9F}
	EndGlobalSection
EndGlobal
